
Microsoft Visual Studio Solution File, Format Version 12.00
# Visual Studio Version 17
VisualStudioVersion = 17.7.34018.315
MinimumVisualStudioVersion = 10.0.40219.1
Project("{9A19103F-16F7-4668-BE54-9A1E7A4F7556}") = "WWB.Common", "src\WWB.Common\WWB.Common.csproj", "{456AB5D6-8416-4342-BCB5-EEE0D12A25EA}"
EndProject
Project("{9A19103F-16F7-4668-BE54-9A1E7A4F7556}") = "WWB.AspNetCore", "src\WWB.AspNetCore\WWB.AspNetCore.csproj", "{955C3054-813B-4547-BBD1-358643C953A4}"
EndProject
Project("{2150E333-8FDC-42A3-9474-1A3956D46DE8}") = "src", "src", "{DB75BAB6-5173-40AB-A15F-6D19F112CFF4}"
EndProject
Project("{2150E333-8FDC-42A3-9474-1A3956D46DE8}") = "samples", "samples", "{8ADE1205-A883-454E-9F45-9BF63DDC4E47}"
EndProject
Project("{9A19103F-16F7-4668-BE54-9A1E7A4F7556}") = "WWB.Sample.API", "samples\WWB.Sample.API\WWB.Sample.API.csproj", "{1B9FA4B9-F88B-4104-8C42-C9A51EBF5BE4}"
EndProject
Project("{2150E333-8FDC-42A3-9474-1A3956D46DE8}") = "OSS", "OSS", "{6CFDC360-7928-425E-ABA9-D953298A6CF2}"
EndProject
Project("{9A19103F-16F7-4668-BE54-9A1E7A4F7556}") = "WWB.OSS", "src\OSS\WWB.OSS\WWB.OSS.csproj", "{E6864446-ED7A-4616-AACE-AED4F03D6CBF}"
EndProject
Project("{9A19103F-16F7-4668-BE54-9A1E7A4F7556}") = "WWB.OSS.Aliyun", "src\OSS\WWB.OSS.Aliyun\WWB.OSS.Aliyun.csproj", "{D18B99E1-7D10-4660-AD4B-A4BA223CD4D2}"
EndProject
Project("{9A19103F-16F7-4668-BE54-9A1E7A4F7556}") = "WWB.OSS.Baidu", "src\OSS\WWB.OSS.Baidu\WWB.OSS.Baidu.csproj", "{4C3B4A71-9502-4E37-8770-A3CE239F3509}"
EndProject
Project("{9A19103F-16F7-4668-BE54-9A1E7A4F7556}") = "WWB.OSS.Huawei", "src\OSS\WWB.OSS.Huawei\WWB.OSS.Huawei.csproj", "{DD9B6E83-EB8F-4935-9CA3-B27669670BD4}"
EndProject
Project("{9A19103F-16F7-4668-BE54-9A1E7A4F7556}") = "WWB.OSS.Minio", "src\OSS\WWB.OSS.Minio\WWB.OSS.Minio.csproj", "{F50C5499-DBC5-4F02-B21E-0EA8EBD82D53}"
EndProject
Project("{9A19103F-16F7-4668-BE54-9A1E7A4F7556}") = "WWB.OSS.QCloud", "src\OSS\WWB.OSS.QCloud\WWB.OSS.QCloud.csproj", "{17118717-5108-430A-8850-DFA216729B67}"
EndProject
Project("{9A19103F-16F7-4668-BE54-9A1E7A4F7556}") = "WWB.OSS.Qiniu", "src\OSS\WWB.OSS.Qiniu\WWB.OSS.Qiniu.csproj", "{D8F32285-1BA1-4323-88F7-E17619B0AEB6}"
EndProject
Project("{2150E333-8FDC-42A3-9474-1A3956D46DE8}") = "SMS", "SMS", "{22FA3A86-0E31-4173-89DA-78E6B09BD10D}"
EndProject
Project("{9A19103F-16F7-4668-BE54-9A1E7A4F7556}") = "WWB.SMS", "src\SMS\WWB.SMS\WWB.SMS.csproj", "{18D6F2AF-8272-46A3-900A-F51FC7D738EB}"
EndProject
Project("{9A19103F-16F7-4668-BE54-9A1E7A4F7556}") = "WWB.SMS.Aliyun", "src\SMS\WWB.SMS.Aliyun\WWB.SMS.Aliyun.csproj", "{643B9735-EC9D-4439-B12A-9DF16AE344C4}"
EndProject
Project("{9A19103F-16F7-4668-BE54-9A1E7A4F7556}") = "WWB.SMS.Tencent", "src\SMS\WWB.SMS.Tencent\WWB.SMS.Tencent.csproj", "{D5B012B1-C9F2-4635-A0BD-56B9F81D791A}"
EndProject
Project("{9A19103F-16F7-4668-BE54-9A1E7A4F7556}") = "WWB.SMS.Yunxin", "src\SMS\WWB.SMS.Yunxin\WWB.SMS.Yunxin.csproj", "{25CAB86D-6B1C-48DA-A173-CCF9F88AD10E}"
EndProject
Project("{9A19103F-16F7-4668-BE54-9A1E7A4F7556}") = "WWB.ElasticClient", "src\WWB.ElasticClient\WWB.ElasticClient.csproj", "{CFD09360-F90B-4C39-ABF7-AB3E44DB8464}"
EndProject
Project("{2150E333-8FDC-42A3-9474-1A3956D46DE8}") = "build", "build", "{FD454477-93FA-4F31-943B-74DF435E64A4}"
	ProjectSection(SolutionItems) = preProject
		.github\workflows\dotnet.yml = .github\workflows\dotnet.yml
	EndProjectSection
EndProject
Project("{FAE04EC0-301F-11D3-BF4B-00C04F79EFBC}") = "WWB.MqttClient", "src\WWB.MqttClient\WWB.MqttClient.csproj", "{A3ABE981-9FC9-44D7-9CA8-1A13B828E508}"
EndProject
Global
	GlobalSection(SolutionConfigurationPlatforms) = preSolution
		Debug|Any CPU = Debug|Any CPU
		Release|Any CPU = Release|Any CPU
	EndGlobalSection
	GlobalSection(ProjectConfigurationPlatforms) = postSolution
		{456AB5D6-8416-4342-BCB5-EEE0D12A25EA}.Debug|Any CPU.ActiveCfg = Debug|Any CPU
		{456AB5D6-8416-4342-BCB5-EEE0D12A25EA}.Debug|Any CPU.Build.0 = Debug|Any CPU
		{456AB5D6-8416-4342-BCB5-EEE0D12A25EA}.Release|Any CPU.ActiveCfg = Release|Any CPU
		{456AB5D6-8416-4342-BCB5-EEE0D12A25EA}.Release|Any CPU.Build.0 = Release|Any CPU
		{955C3054-813B-4547-BBD1-358643C953A4}.Debug|Any CPU.ActiveCfg = Debug|Any CPU
		{955C3054-813B-4547-BBD1-358643C953A4}.Debug|Any CPU.Build.0 = Debug|Any CPU
		{955C3054-813B-4547-BBD1-358643C953A4}.Release|Any CPU.ActiveCfg = Release|Any CPU
		{955C3054-813B-4547-BBD1-358643C953A4}.Release|Any CPU.Build.0 = Release|Any CPU
		{1B9FA4B9-F88B-4104-8C42-C9A51EBF5BE4}.Debug|Any CPU.ActiveCfg = Debug|Any CPU
		{1B9FA4B9-F88B-4104-8C42-C9A51EBF5BE4}.Debug|Any CPU.Build.0 = Debug|Any CPU
		{1B9FA4B9-F88B-4104-8C42-C9A51EBF5BE4}.Release|Any CPU.ActiveCfg = Release|Any CPU
		{1B9FA4B9-F88B-4104-8C42-C9A51EBF5BE4}.Release|Any CPU.Build.0 = Release|Any CPU
		{E6864446-ED7A-4616-AACE-AED4F03D6CBF}.Debug|Any CPU.ActiveCfg = Debug|Any CPU
		{E6864446-ED7A-4616-AACE-AED4F03D6CBF}.Debug|Any CPU.Build.0 = Debug|Any CPU
		{E6864446-ED7A-4616-AACE-AED4F03D6CBF}.Release|Any CPU.ActiveCfg = Release|Any CPU
		{E6864446-ED7A-4616-AACE-AED4F03D6CBF}.Release|Any CPU.Build.0 = Release|Any CPU
		{D18B99E1-7D10-4660-AD4B-A4BA223CD4D2}.Debug|Any CPU.ActiveCfg = Debug|Any CPU
		{D18B99E1-7D10-4660-AD4B-A4BA223CD4D2}.Debug|Any CPU.Build.0 = Debug|Any CPU
		{D18B99E1-7D10-4660-AD4B-A4BA223CD4D2}.Release|Any CPU.ActiveCfg = Release|Any CPU
		{D18B99E1-7D10-4660-AD4B-A4BA223CD4D2}.Release|Any CPU.Build.0 = Release|Any CPU
		{4C3B4A71-9502-4E37-8770-A3CE239F3509}.Debug|Any CPU.ActiveCfg = Debug|Any CPU
		{4C3B4A71-9502-4E37-8770-A3CE239F3509}.Debug|Any CPU.Build.0 = Debug|Any CPU
		{4C3B4A71-9502-4E37-8770-A3CE239F3509}.Release|Any CPU.ActiveCfg = Release|Any CPU
		{4C3B4A71-9502-4E37-8770-A3CE239F3509}.Release|Any CPU.Build.0 = Release|Any CPU
		{DD9B6E83-EB8F-4935-9CA3-B27669670BD4}.Debug|Any CPU.ActiveCfg = Debug|Any CPU
		{DD9B6E83-EB8F-4935-9CA3-B27669670BD4}.Debug|Any CPU.Build.0 = Debug|Any CPU
		{DD9B6E83-EB8F-4935-9CA3-B27669670BD4}.Release|Any CPU.ActiveCfg = Release|Any CPU
		{DD9B6E83-EB8F-4935-9CA3-B27669670BD4}.Release|Any CPU.Build.0 = Release|Any CPU
		{F50C5499-DBC5-4F02-B21E-0EA8EBD82D53}.Debug|Any CPU.ActiveCfg = Debug|Any CPU
		{F50C5499-DBC5-4F02-B21E-0EA8EBD82D53}.Debug|Any CPU.Build.0 = Debug|Any CPU
		{F50C5499-DBC5-4F02-B21E-0EA8EBD82D53}.Release|Any CPU.ActiveCfg = Release|Any CPU
		{F50C5499-DBC5-4F02-B21E-0EA8EBD82D53}.Release|Any CPU.Build.0 = Release|Any CPU
		{17118717-5108-430A-8850-DFA216729B67}.Debug|Any CPU.ActiveCfg = Debug|Any CPU
		{17118717-5108-430A-8850-DFA216729B67}.Debug|Any CPU.Build.0 = Debug|Any CPU
		{17118717-5108-430A-8850-DFA216729B67}.Release|Any CPU.ActiveCfg = Release|Any CPU
		{17118717-5108-430A-8850-DFA216729B67}.Release|Any CPU.Build.0 = Release|Any CPU
		{D8F32285-1BA1-4323-88F7-E17619B0AEB6}.Debug|Any CPU.ActiveCfg = Debug|Any CPU
		{D8F32285-1BA1-4323-88F7-E17619B0AEB6}.Debug|Any CPU.Build.0 = Debug|Any CPU
		{D8F32285-1BA1-4323-88F7-E17619B0AEB6}.Release|Any CPU.ActiveCfg = Release|Any CPU
		{D8F32285-1BA1-4323-88F7-E17619B0AEB6}.Release|Any CPU.Build.0 = Release|Any CPU
		{18D6F2AF-8272-46A3-900A-F51FC7D738EB}.Debug|Any CPU.ActiveCfg = Debug|Any CPU
		{18D6F2AF-8272-46A3-900A-F51FC7D738EB}.Debug|Any CPU.Build.0 = Debug|Any CPU
		{18D6F2AF-8272-46A3-900A-F51FC7D738EB}.Release|Any CPU.ActiveCfg = Release|Any CPU
		{18D6F2AF-8272-46A3-900A-F51FC7D738EB}.Release|Any CPU.Build.0 = Release|Any CPU
		{643B9735-EC9D-4439-B12A-9DF16AE344C4}.Debug|Any CPU.ActiveCfg = Debug|Any CPU
		{643B9735-EC9D-4439-B12A-9DF16AE344C4}.Debug|Any CPU.Build.0 = Debug|Any CPU
		{643B9735-EC9D-4439-B12A-9DF16AE344C4}.Release|Any CPU.ActiveCfg = Release|Any CPU
		{643B9735-EC9D-4439-B12A-9DF16AE344C4}.Release|Any CPU.Build.0 = Release|Any CPU
		{D5B012B1-C9F2-4635-A0BD-56B9F81D791A}.Debug|Any CPU.ActiveCfg = Debug|Any CPU
		{D5B012B1-C9F2-4635-A0BD-56B9F81D791A}.Debug|Any CPU.Build.0 = Debug|Any CPU
		{D5B012B1-C9F2-4635-A0BD-56B9F81D791A}.Release|Any CPU.ActiveCfg = Release|Any CPU
		{D5B012B1-C9F2-4635-A0BD-56B9F81D791A}.Release|Any CPU.Build.0 = Release|Any CPU
		{25CAB86D-6B1C-48DA-A173-CCF9F88AD10E}.Debug|Any CPU.ActiveCfg = Debug|Any CPU
		{25CAB86D-6B1C-48DA-A173-CCF9F88AD10E}.Debug|Any CPU.Build.0 = Debug|Any CPU
		{25CAB86D-6B1C-48DA-A173-CCF9F88AD10E}.Release|Any CPU.ActiveCfg = Release|Any CPU
		{25CAB86D-6B1C-48DA-A173-CCF9F88AD10E}.Release|Any CPU.Build.0 = Release|Any CPU
		{CFD09360-F90B-4C39-ABF7-AB3E44DB8464}.Debug|Any CPU.ActiveCfg = Debug|Any CPU
		{CFD09360-F90B-4C39-ABF7-AB3E44DB8464}.Debug|Any CPU.Build.0 = Debug|Any CPU
		{CFD09360-F90B-4C39-ABF7-AB3E44DB8464}.Release|Any CPU.ActiveCfg = Release|Any CPU
		{CFD09360-F90B-4C39-ABF7-AB3E44DB8464}.Release|Any CPU.Build.0 = Release|Any CPU
		{A3ABE981-9FC9-44D7-9CA8-1A13B828E508}.Debug|Any CPU.ActiveCfg = Debug|Any CPU
		{A3ABE981-9FC9-44D7-9CA8-1A13B828E508}.Debug|Any CPU.Build.0 = Debug|Any CPU
		{A3ABE981-9FC9-44D7-9CA8-1A13B828E508}.Release|Any CPU.ActiveCfg = Release|Any CPU
		{A3ABE981-9FC9-44D7-9CA8-1A13B828E508}.Release|Any CPU.Build.0 = Release|Any CPU
	EndGlobalSection
	GlobalSection(SolutionProperties) = preSolution
		HideSolutionNode = FALSE
	EndGlobalSection
	GlobalSection(NestedProjects) = preSolution
		{456AB5D6-8416-4342-BCB5-EEE0D12A25EA} = {DB75BAB6-5173-40AB-A15F-6D19F112CFF4}
		{955C3054-813B-4547-BBD1-358643C953A4} = {DB75BAB6-5173-40AB-A15F-6D19F112CFF4}
		{1B9FA4B9-F88B-4104-8C42-C9A51EBF5BE4} = {8ADE1205-A883-454E-9F45-9BF63DDC4E47}
		{6CFDC360-7928-425E-ABA9-D953298A6CF2} = {DB75BAB6-5173-40AB-A15F-6D19F112CFF4}
		{E6864446-ED7A-4616-AACE-AED4F03D6CBF} = {6CFDC360-7928-425E-ABA9-D953298A6CF2}
		{D18B99E1-7D10-4660-AD4B-A4BA223CD4D2} = {6CFDC360-7928-425E-ABA9-D953298A6CF2}
		{4C3B4A71-9502-4E37-8770-A3CE239F3509} = {6CFDC360-7928-425E-ABA9-D953298A6CF2}
		{DD9B6E83-EB8F-4935-9CA3-B27669670BD4} = {6CFDC360-7928-425E-ABA9-D953298A6CF2}
		{F50C5499-DBC5-4F02-B21E-0EA8EBD82D53} = {6CFDC360-7928-425E-ABA9-D953298A6CF2}
		{17118717-5108-430A-8850-DFA216729B67} = {6CFDC360-7928-425E-ABA9-D953298A6CF2}
		{D8F32285-1BA1-4323-88F7-E17619B0AEB6} = {6CFDC360-7928-425E-ABA9-D953298A6CF2}
		{22FA3A86-0E31-4173-89DA-78E6B09BD10D} = {DB75BAB6-5173-40AB-A15F-6D19F112CFF4}
		{18D6F2AF-8272-46A3-900A-F51FC7D738EB} = {22FA3A86-0E31-4173-89DA-78E6B09BD10D}
		{643B9735-EC9D-4439-B12A-9DF16AE344C4} = {22FA3A86-0E31-4173-89DA-78E6B09BD10D}
		{D5B012B1-C9F2-4635-A0BD-56B9F81D791A} = {22FA3A86-0E31-4173-89DA-78E6B09BD10D}
		{25CAB86D-6B1C-48DA-A173-CCF9F88AD10E} = {22FA3A86-0E31-4173-89DA-78E6B09BD10D}
		{CFD09360-F90B-4C39-ABF7-AB3E44DB8464} = {DB75BAB6-5173-40AB-A15F-6D19F112CFF4}
		{A3ABE981-9FC9-44D7-9CA8-1A13B828E508} = {DB75BAB6-5173-40AB-A15F-6D19F112CFF4}
	EndGlobalSection
	GlobalSection(ExtensibilityGlobals) = postSolution
		SolutionGuid = {95492908-4B36-4851-8365-33416F99103B}
	EndGlobalSection
EndGlobal
